// !$*UTF8*$!
{
	archiveVersion = 1;
	classes = {
	};
	objectVersion = 77;
	objects = {

/* Begin PBXBuildFile section */
		FA392B572D42828D002BF8C3 /* FirebaseAnalytics in Frameworks */ = {isa = PBXBuildFile; productRef = FA392B562D42828D002BF8C3 /* FirebaseAnalytics */; };
		FA392B592D42828D002BF8C3 /* FirebaseAnalyticsOnDeviceConversion in Frameworks */ = {isa = PBXBuildFile; productRef = FA392B582D42828D002BF8C3 /* FirebaseAnalyticsOnDeviceConversion */; };
		FA392B5B2D42828D002BF8C3 /* FirebaseAnalyticsWithoutAdIdSupport in Frameworks */ = {isa = PBXBuildFile; productRef = FA392B5A2D42828D002BF8C3 /* FirebaseAnalyticsWithoutAdIdSupport */; };
		FA392B5D2D42828D002BF8C3 /* FirebaseAppCheck in Frameworks */ = {isa = PBXBuildFile; productRef = FA392B5C2D42828D002BF8C3 /* FirebaseAppCheck */; };
		FA392B5F2D42828D002BF8C3 /* FirebaseAppDistribution-Beta in Frameworks */ = {isa = PBXBuildFile; productRef = FA392B5E2D42828D002BF8C3 /* FirebaseAppDistribution-Beta */; };
		FA392B612D42828D002BF8C3 /* FirebaseAuth in Frameworks */ = {isa = PBXBuildFile; productRef = FA392B602D42828D002BF8C3 /* FirebaseAuth */; };
		FA392B632D42828D002BF8C3 /* FirebaseAuthCombine-Community in Frameworks */ = {isa = PBXBuildFile; productRef = FA392B622D42828D002BF8C3 /* FirebaseAuthCombine-Community */; };
		FA392B652D42828D002BF8C3 /* FirebaseCore in Frameworks */ = {isa = PBXBuildFile; productRef = FA392B642D42828D002BF8C3 /* FirebaseCore */; };
		FA392B672D42828D002BF8C3 /* FirebaseCrashlytics in Frameworks */ = {isa = PBXBuildFile; productRef = FA392B662D42828D002BF8C3 /* FirebaseCrashlytics */; };
		FA392B692D42828D002BF8C3 /* FirebaseDatabase in Frameworks */ = {isa = PBXBuildFile; productRef = FA392B682D42828D002BF8C3 /* FirebaseDatabase */; };
		FA392B6B2D42828D002BF8C3 /* FirebaseDynamicLinks in Frameworks */ = {isa = PBXBuildFile; productRef = FA392B6A2D42828D002BF8C3 /* FirebaseDynamicLinks */; };
		FA392B6D2D42828D002BF8C3 /* FirebaseFirestore in Frameworks */ = {isa = PBXBuildFile; productRef = FA392B6C2D42828D002BF8C3 /* FirebaseFirestore */; };
		FA392B6F2D42828D002BF8C3 /* FirebaseFirestoreCombine-Community in Frameworks */ = {isa = PBXBuildFile; productRef = FA392B6E2D42828D002BF8C3 /* FirebaseFirestoreCombine-Community */; };
		FA392B712D42828D002BF8C3 /* FirebaseFunctions in Frameworks */ = {isa = PBXBuildFile; productRef = FA392B702D42828D002BF8C3 /* FirebaseFunctions */; };
		FA392B732D42828D002BF8C3 /* FirebaseFunctionsCombine-Community in Frameworks */ = {isa = PBXBuildFile; productRef = FA392B722D42828D002BF8C3 /* FirebaseFunctionsCombine-Community */; };
		FA392B752D42828D002BF8C3 /* FirebaseInAppMessaging-Beta in Frameworks */ = {isa = PBXBuildFile; productRef = FA392B742D42828D002BF8C3 /* FirebaseInAppMessaging-Beta */; };
		FA392B772D42828D002BF8C3 /* FirebaseInstallations in Frameworks */ = {isa = PBXBuildFile; productRef = FA392B762D42828D002BF8C3 /* FirebaseInstallations */; };
		FA392B792D42828D002BF8C3 /* FirebaseMLModelDownloader in Frameworks */ = {isa = PBXBuildFile; productRef = FA392B782D42828D002BF8C3 /* FirebaseMLModelDownloader */; };
		FA392B7B2D42828D002BF8C3 /* FirebaseMessaging in Frameworks */ = {isa = PBXBuildFile; productRef = FA392B7A2D42828D002BF8C3 /* FirebaseMessaging */; };
		FA392B7D2D42828D002BF8C3 /* FirebasePerformance in Frameworks */ = {isa = PBXBuildFile; productRef = FA392B7C2D42828D002BF8C3 /* FirebasePerformance */; };
		FA392B7F2D42828D002BF8C3 /* FirebaseRemoteConfig in Frameworks */ = {isa = PBXBuildFile; productRef = FA392B7E2D42828D002BF8C3 /* FirebaseRemoteConfig */; };
		FA392B812D42828D002BF8C3 /* FirebaseStorage in Frameworks */ = {isa = PBXBuildFile; productRef = FA392B802D42828D002BF8C3 /* FirebaseStorage */; };
		FA392B832D42828D002BF8C3 /* FirebaseStorageCombine-Community in Frameworks */ = {isa = PBXBuildFile; productRef = FA392B822D42828D002BF8C3 /* FirebaseStorageCombine-Community */; };
		FA392B852D42828D002BF8C3 /* FirebaseVertexAI in Frameworks */ = {isa = PBXBuildFile; productRef = FA392B842D42828D002BF8C3 /* FirebaseVertexAI */; };
/* End PBXBuildFile section */

/* Begin PBXFileReference section */
		FAF9ACF22D37FE2100BB784A /* TravelBuddy.app */ = {isa = PBXFileReference; explicitFileType = wrapper.application; includeInIndex = 0; path = TravelBuddy.app; sourceTree = BUILT_PRODUCTS_DIR; };
/* End PBXFileReference section */

/* Begin PBXFileSystemSynchronizedBuildFileExceptionSet section */
		FAF9AD042D37FE2200BB784A /* Exceptions for "TravelBuddy" folder in "TravelBuddy" target */ = {
			isa = PBXFileSystemSynchronizedBuildFileExceptionSet;
			membershipExceptions = (
				Info.plist,
			);
			target = FAF9ACF12D37FE2100BB784A /* TravelBuddy */;
		};
/* End PBXFileSystemSynchronizedBuildFileExceptionSet section */

/* Begin PBXFileSystemSynchronizedRootGroup section */
		FAF9ACF42D37FE2100BB784A /* TravelBuddy */ = {
			isa = PBXFileSystemSynchronizedRootGroup;
			exceptions = (
				FAF9AD042D37FE2200BB784A /* Exceptions for "TravelBuddy" folder in "TravelBuddy" target */,
			);
			path = TravelBuddy;
			sourceTree = "<group>";
		};
/* End PBXFileSystemSynchronizedRootGroup section */

/* Begin PBXFrameworksBuildPhase section */
		FAF9ACEF2D37FE2100BB784A /* Frameworks */ = {
			isa = PBXFrameworksBuildPhase;
			buildActionMask = 2147483647;
			files = (
				FA392B6F2D42828D002BF8C3 /* FirebaseFirestoreCombine-Community in Frameworks */,
				FA392B852D42828D002BF8C3 /* FirebaseVertexAI in Frameworks */,
				FA392B712D42828D002BF8C3 /* FirebaseFunctions in Frameworks */,
				FA392B7D2D42828D002BF8C3 /* FirebasePerformance in Frameworks */,
				FA392B832D42828D002BF8C3 /* FirebaseStorageCombine-Community in Frameworks */,
				FA392B7F2D42828D002BF8C3 /* FirebaseRemoteConfig in Frameworks */,
				FA392B692D42828D002BF8C3 /* FirebaseDatabase in Frameworks */,
				FA392B6B2D42828D002BF8C3 /* FirebaseDynamicLinks in Frameworks */,
				FA392B5D2D42828D002BF8C3 /* FirebaseAppCheck in Frameworks */,
				FA392B612D42828D002BF8C3 /* FirebaseAuth in Frameworks */,
				FA392B572D42828D002BF8C3 /* FirebaseAnalytics in Frameworks */,
				FA392B6D2D42828D002BF8C3 /* FirebaseFirestore in Frameworks */,
				FA392B7B2D42828D002BF8C3 /* FirebaseMessaging in Frameworks */,
				FA392B772D42828D002BF8C3 /* FirebaseInstallations in Frameworks */,
				FA392B732D42828D002BF8C3 /* FirebaseFunctionsCombine-Community in Frameworks */,
				FA392B5F2D42828D002BF8C3 /* FirebaseAppDistribution-Beta in Frameworks */,
				FA392B5B2D42828D002BF8C3 /* FirebaseAnalyticsWithoutAdIdSupport in Frameworks */,
				FA392B752D42828D002BF8C3 /* FirebaseInAppMessaging-Beta in Frameworks */,
				FA392B632D42828D002BF8C3 /* FirebaseAuthCombine-Community in Frameworks */,
				FA392B672D42828D002BF8C3 /* FirebaseCrashlytics in Frameworks */,
				FA392B792D42828D002BF8C3 /* FirebaseMLModelDownloader in Frameworks */,
				FA392B812D42828D002BF8C3 /* FirebaseStorage in Frameworks */,
				FA392B652D42828D002BF8C3 /* FirebaseCore in Frameworks */,
				FA392B592D42828D002BF8C3 /* FirebaseAnalyticsOnDeviceConversion in Frameworks */,
			);
			runOnlyForDeploymentPostprocessing = 0;
		};
/* End PBXFrameworksBuildPhase section */

/* Begin PBXGroup section */
		FAF9ACE92D37FE2100BB784A = {
			isa = PBXGroup;
			children = (
				FAF9ACF42D37FE2100BB784A /* TravelBuddy */,
				FAF9ACF32D37FE2100BB784A /* Products */,
			);
			sourceTree = "<group>";
		};
		FAF9ACF32D37FE2100BB784A /* Products */ = {
			isa = PBXGroup;
			children = (
				FAF9ACF22D37FE2100BB784A /* TravelBuddy.app */,
			);
			name = Products;
			sourceTree = "<group>";
		};
/* End PBXGroup section */

/* Begin PBXNativeTarget section */
		FAF9ACF12D37FE2100BB784A /* TravelBuddy */ = {
			isa = PBXNativeTarget;
			buildConfigurationList = FAF9AD052D37FE2200BB784A /* Build configuration list for PBXNativeTarget "TravelBuddy" */;
			buildPhases = (
				FAF9ACEE2D37FE2100BB784A /* Sources */,
				FAF9ACEF2D37FE2100BB784A /* Frameworks */,
				FAF9ACF02D37FE2100BB784A /* Resources */,
			);
			buildRules = (
			);
			dependencies = (
			);
			fileSystemSynchronizedGroups = (
				FAF9ACF42D37FE2100BB784A /* TravelBuddy */,
			);
			name = TravelBuddy;
			packageProductDependencies = (
				FA392B562D42828D002BF8C3 /* FirebaseAnalytics */,
				FA392B582D42828D002BF8C3 /* FirebaseAnalyticsOnDeviceConversion */,
				FA392B5A2D42828D002BF8C3 /* FirebaseAnalyticsWithoutAdIdSupport */,
				FA392B5C2D42828D002BF8C3 /* FirebaseAppCheck */,
				FA392B5E2D42828D002BF8C3 /* FirebaseAppDistribution-Beta */,
				FA392B602D42828D002BF8C3 /* FirebaseAuth */,
				FA392B622D42828D002BF8C3 /* FirebaseAuthCombine-Community */,
				FA392B642D42828D002BF8C3 /* FirebaseCore */,
				FA392B662D42828D002BF8C3 /* FirebaseCrashlytics */,
				FA392B682D42828D002BF8C3 /* FirebaseDatabase */,
				FA392B6A2D42828D002BF8C3 /* FirebaseDynamicLinks */,
				FA392B6C2D42828D002BF8C3 /* FirebaseFirestore */,
				FA392B6E2D42828D002BF8C3 /* FirebaseFirestoreCombine-Community */,
				FA392B702D42828D002BF8C3 /* FirebaseFunctions */,
				FA392B722D42828D002BF8C3 /* FirebaseFunctionsCombine-Community */,
				FA392B742D42828D002BF8C3 /* FirebaseInAppMessaging-Beta */,
				FA392B762D42828D002BF8C3 /* FirebaseInstallations */,
				FA392B782D42828D002BF8C3 /* FirebaseMLModelDownloader */,
				FA392B7A2D42828D002BF8C3 /* FirebaseMessaging */,
				FA392B7C2D42828D002BF8C3 /* FirebasePerformance */,
				FA392B7E2D42828D002BF8C3 /* FirebaseRemoteConfig */,
				FA392B802D42828D002BF8C3 /* FirebaseStorage */,
				FA392B822D42828D002BF8C3 /* FirebaseStorageCombine-Community */,
				FA392B842D42828D002BF8C3 /* FirebaseVertexAI */,
			);
			productName = TravelBuddy;
			productReference = FAF9ACF22D37FE2100BB784A /* TravelBuddy.app */;
			productType = "com.apple.product-type.application";
		};
/* End PBXNativeTarget section */

/* Begin PBXProject section */
		FAF9ACEA2D37FE2100BB784A /* Project object */ = {
			isa = PBXProject;
			attributes = {
				BuildIndependentTargetsInParallel = 1;
				LastSwiftUpdateCheck = 1620;
				LastUpgradeCheck = 1620;
				TargetAttributes = {
					FAF9ACF12D37FE2100BB784A = {
						CreatedOnToolsVersion = 16.2;
					};
				};
			};
			buildConfigurationList = FAF9ACED2D37FE2100BB784A /* Build configuration list for PBXProject "TravelBuddy" */;
			developmentRegion = en;
			hasScannedForEncodings = 0;
			knownRegions = (
				en,
				Base,
			);
			mainGroup = FAF9ACE92D37FE2100BB784A;
			minimizedProjectReferenceProxies = 1;
			packageReferences = (
				FA392B552D42828D002BF8C3 /* XCRemoteSwiftPackageReference "firebase-ios-sdk" */,
			);
			preferredProjectObjectVersion = 77;
			productRefGroup = FAF9ACF32D37FE2100BB784A /* Products */;
			projectDirPath = "";
			projectRoot = "";
			targets = (
				FAF9ACF12D37FE2100BB784A /* TravelBuddy */,
			);
		};
/* End PBXProject section */

/* Begin PBXResourcesBuildPhase section */
		FAF9ACF02D37FE2100BB784A /* Resources */ = {
			isa = PBXResourcesBuildPhase;
			buildActionMask = 2147483647;
			files = (
			);
			runOnlyForDeploymentPostprocessing = 0;
		};
/* End PBXResourcesBuildPhase section */

/* Begin PBXSourcesBuildPhase section */
		FAF9ACEE2D37FE2100BB784A /* Sources */ = {
			isa = PBXSourcesBuildPhase;
			buildActionMask = 2147483647;
			files = (
			);
			runOnlyForDeploymentPostprocessing = 0;
		};
/* End PBXSourcesBuildPhase section */

/* Begin XCBuildConfiguration section */
		FAF9AD062D37FE2200BB784A /* Debug */ = {
			isa = XCBuildConfiguration;
			buildSettings = {
				ASSETCATALOG_COMPILER_APPICON_NAME = AppIcon;
				ASSETCATALOG_COMPILER_GLOBAL_ACCENT_COLOR_NAME = AccentColor;
				CODE_SIGN_STYLE = Automatic;
				CURRENT_PROJECT_VERSION = 1;
				DEVELOPMENT_TEAM = 6YJPZH2Y6W;
				GENERATE_INFOPLIST_FILE = YES;
				INFOPLIST_FILE = TravelBuddy/Info.plist;
				INFOPLIST_KEY_CFBundleDisplayName = "Travel Buddy";
				INFOPLIST_KEY_LSApplicationCategoryType = "public.app-category.travel";
				INFOPLIST_KEY_UIApplicationSupportsIndirectInputEvents = YES;
				INFOPLIST_KEY_UILaunchStoryboardName = LaunchScreen;
				INFOPLIST_KEY_UISupportedInterfaceOrientations = UIInterfaceOrientationPortrait;
				INFOPLIST_KEY_UISupportedInterfaceOrientations_iPad = "UIInterfaceOrientationLandscapeLeft UIInterfaceOrientationLandscapeRight UIInterfaceOrientationPortrait UIInterfaceOrientationPortraitUpsideDown";
				IPHONEOS_DEPLOYMENT_TARGET = 16.0;
				LD_RUNPATH_SEARCH_PATHS = (
					"$(inherited)",
					"@executable_path/Frameworks",
				);
				MARKETING_VERSION = 1.0;
				PRODUCT_BUNDLE_IDENTIFIER = com.personal.TravelBuddy;
				PRODUCT_NAME = "$(TARGET_NAME)";
				SUPPORTED_PLATFORMS = "iphoneos iphonesimulator";
				SUPPORTS_MACCATALYST = NO;
				SUPPORTS_MAC_DESIGNED_FOR_IPHONE_IPAD = NO;
				SUPPORTS_XR_DESIGNED_FOR_IPHONE_IPAD = NO;
				SWIFT_EMIT_LOC_STRINGS = YES;
				SWIFT_VERSION = 5.0;
				TARGETED_DEVICE_FAMILY = 1;
			};
			name = Debug;
		};
		FAF9AD072D37FE2200BB784A /* Release */ = {
			isa = XCBuildConfiguration;
			buildSettings = {
				ASSETCATALOG_COMPILER_APPICON_NAME = AppIcon;
				ASSETCATALOG_COMPILER_GLOBAL_ACCENT_COLOR_NAME = AccentColor;
				CODE_SIGN_STYLE = Automatic;
				CURRENT_PROJECT_VERSION = 1;
				DEVELOPMENT_TEAM = 6YJPZH2Y6W;
				GENERATE_INFOPLIST_FILE = YES;
				INFOPLIST_FILE = TravelBuddy/Info.plist;
				INFOPLIST_KEY_CFBundleDisplayName = "Travel Buddy";
				INFOPLIST_KEY_LSApplicationCategoryType = "public.app-category.travel";
				INFOPLIST_KEY_UIApplicationSupportsIndirectInputEvents = YES;
				INFOPLIST_KEY_UILaunchStoryboardName = LaunchScreen;
				INFOPLIST_KEY_UISupportedInterfaceOrientations = UIInterfaceOrientationPortrait;
				INFOPLIST_KEY_UISupportedInterfaceOrientations_iPad = "UIInterfaceOrientationLandscapeLeft UIInterfaceOrientationLandscapeRight UIInterfaceOrientationPortrait UIInterfaceOrientationPortraitUpsideDown";
				IPHONEOS_DEPLOYMENT_TARGET = 16.0;
				LD_RUNPATH_SEARCH_PATHS = (
					"$(inherited)",
					"@executable_path/Frameworks",
				);
				MARKETING_VERSION = 1.0;
				PRODUCT_BUNDLE_IDENTIFIER = com.personal.TravelBuddy;
				PRODUCT_NAME = "$(TARGET_NAME)";
				SUPPORTED_PLATFORMS = "iphoneos iphonesimulator";
				SUPPORTS_MACCATALYST = NO;
				SUPPORTS_MAC_DESIGNED_FOR_IPHONE_IPAD = NO;
				SUPPORTS_XR_DESIGNED_FOR_IPHONE_IPAD = NO;
				SWIFT_EMIT_LOC_STRINGS = YES;
				SWIFT_VERSION = 5.0;
				TARGETED_DEVICE_FAMILY = 1;
			};
			name = Release;
		};
		FAF9AD082D37FE2200BB784A /* Debug */ = {
			isa = XCBuildConfiguration;
			buildSettings = {
				ALWAYS_SEARCH_USER_PATHS = NO;
				ASSETCATALOG_COMPILER_GENERATE_SWIFT_ASSET_SYMBOL_EXTENSIONS = YES;
				CLANG_ANALYZER_NONNULL = YES;
				CLANG_ANALYZER_NUMBER_OBJECT_CONVERSION = YES_AGGRESSIVE;
				CLANG_CXX_LANGUAGE_STANDARD = "gnu++20";
				CLANG_ENABLE_MODULES = YES;
				CLANG_ENABLE_OBJC_ARC = YES;
				CLANG_ENABLE_OBJC_WEAK = YES;
				CLANG_WARN_BLOCK_CAPTURE_AUTORELEASING = YES;
				CLANG_WARN_BOOL_CONVERSION = YES;
				CLANG_WARN_COMMA = YES;
				CLANG_WARN_CONSTANT_CONVERSION = YES;
				CLANG_WARN_DEPRECATED_OBJC_IMPLEMENTATIONS = YES;
				CLANG_WARN_DIRECT_OBJC_ISA_USAGE = YES_ERROR;
				CLANG_WARN_DOCUMENTATION_COMMENTS = YES;
				CLANG_WARN_EMPTY_BODY = YES;
				CLANG_WARN_ENUM_CONVERSION = YES;
				CLANG_WARN_INFINITE_RECURSION = YES;
				CLANG_WARN_INT_CONVERSION = YES;
				CLANG_WARN_NON_LITERAL_NULL_CONVERSION = YES;
				CLANG_WARN_OBJC_IMPLICIT_RETAIN_SELF = YES;
				CLANG_WARN_OBJC_LITERAL_CONVERSION = YES;
				CLANG_WARN_OBJC_ROOT_CLASS = YES_ERROR;
				CLANG_WARN_QUOTED_INCLUDE_IN_FRAMEWORK_HEADER = YES;
				CLANG_WARN_RANGE_LOOP_ANALYSIS = YES;
				CLANG_WARN_STRICT_PROTOTYPES = YES;
				CLANG_WARN_SUSPICIOUS_MOVE = YES;
				CLANG_WARN_UNGUARDED_AVAILABILITY = YES_AGGRESSIVE;
				CLANG_WARN_UNREACHABLE_CODE = YES;
				CLANG_WARN__DUPLICATE_METHOD_MATCH = YES;
				COPY_PHASE_STRIP = NO;
				DEBUG_INFORMATION_FORMAT = dwarf;
				ENABLE_STRICT_OBJC_MSGSEND = YES;
				ENABLE_TESTABILITY = YES;
				ENABLE_USER_SCRIPT_SANDBOXING = YES;
				GCC_C_LANGUAGE_STANDARD = gnu17;
				GCC_DYNAMIC_NO_PIC = NO;
				GCC_NO_COMMON_BLOCKS = YES;
				GCC_OPTIMIZATION_LEVEL = 0;
				GCC_PREPROCESSOR_DEFINITIONS = (
					"DEBUG=1",
					"$(inherited)",
				);
				GCC_WARN_64_TO_32_BIT_CONVERSION = YES;
				GCC_WARN_ABOUT_RETURN_TYPE = YES_ERROR;
				GCC_WARN_UNDECLARED_SELECTOR = YES;
				GCC_WARN_UNINITIALIZED_AUTOS = YES_AGGRESSIVE;
				GCC_WARN_UNUSED_FUNCTION = YES;
				GCC_WARN_UNUSED_VARIABLE = YES;
				IPHONEOS_DEPLOYMENT_TARGET = 18.2;
				LOCALIZATION_PREFERS_STRING_CATALOGS = YES;
				MTL_ENABLE_DEBUG_INFO = INCLUDE_SOURCE;
				MTL_FAST_MATH = YES;
				ONLY_ACTIVE_ARCH = YES;
				SDKROOT = iphoneos;
				SWIFT_ACTIVE_COMPILATION_CONDITIONS = "DEBUG $(inherited)";
				SWIFT_OPTIMIZATION_LEVEL = "-Onone";
			};
			name = Debug;
		};
		FAF9AD092D37FE2200BB784A /* Release */ = {
			isa = XCBuildConfiguration;
			buildSettings = {
				ALWAYS_SEARCH_USER_PATHS = NO;
				ASSETCATALOG_COMPILER_GENERATE_SWIFT_ASSET_SYMBOL_EXTENSIONS = YES;
				CLANG_ANALYZER_NONNULL = YES;
				CLANG_ANALYZER_NUMBER_OBJECT_CONVERSION = YES_AGGRESSIVE;
				CLANG_CXX_LANGUAGE_STANDARD = "gnu++20";
				CLANG_ENABLE_MODULES = YES;
				CLANG_ENABLE_OBJC_ARC = YES;
				CLANG_ENABLE_OBJC_WEAK = YES;
				CLANG_WARN_BLOCK_CAPTURE_AUTORELEASING = YES;
				CLANG_WARN_BOOL_CONVERSION = YES;
				CLANG_WARN_COMMA = YES;
				CLANG_WARN_CONSTANT_CONVERSION = YES;
				CLANG_WARN_DEPRECATED_OBJC_IMPLEMENTATIONS = YES;
				CLANG_WARN_DIRECT_OBJC_ISA_USAGE = YES_ERROR;
				CLANG_WARN_DOCUMENTATION_COMMENTS = YES;
				CLANG_WARN_EMPTY_BODY = YES;
				CLANG_WARN_ENUM_CONVERSION = YES;
				CLANG_WARN_INFINITE_RECURSION = YES;
				CLANG_WARN_INT_CONVERSION = YES;
				CLANG_WARN_NON_LITERAL_NULL_CONVERSION = YES;
				CLANG_WARN_OBJC_IMPLICIT_RETAIN_SELF = YES;
				CLANG_WARN_OBJC_LITERAL_CONVERSION = YES;
				CLANG_WARN_OBJC_ROOT_CLASS = YES_ERROR;
				CLANG_WARN_QUOTED_INCLUDE_IN_FRAMEWORK_HEADER = YES;
				CLANG_WARN_RANGE_LOOP_ANALYSIS = YES;
				CLANG_WARN_STRICT_PROTOTYPES = YES;
				CLANG_WARN_SUSPICIOUS_MOVE = YES;
				CLANG_WARN_UNGUARDED_AVAILABILITY = YES_AGGRESSIVE;
				CLANG_WARN_UNREACHABLE_CODE = YES;
				CLANG_WARN__DUPLICATE_METHOD_MATCH = YES;
				COPY_PHASE_STRIP = NO;
				DEBUG_INFORMATION_FORMAT = "dwarf-with-dsym";
				ENABLE_NS_ASSERTIONS = NO;
				ENABLE_STRICT_OBJC_MSGSEND = YES;
				ENABLE_USER_SCRIPT_SANDBOXING = YES;
				GCC_C_LANGUAGE_STANDARD = gnu17;
				GCC_NO_COMMON_BLOCKS = YES;
				GCC_WARN_64_TO_32_BIT_CONVERSION = YES;
				GCC_WARN_ABOUT_RETURN_TYPE = YES_ERROR;
				GCC_WARN_UNDECLARED_SELECTOR = YES;
				GCC_WARN_UNINITIALIZED_AUTOS = YES_AGGRESSIVE;
				GCC_WARN_UNUSED_FUNCTION = YES;
				GCC_WARN_UNUSED_VARIABLE = YES;
				IPHONEOS_DEPLOYMENT_TARGET = 18.2;
				LOCALIZATION_PREFERS_STRING_CATALOGS = YES;
				MTL_ENABLE_DEBUG_INFO = NO;
				MTL_FAST_MATH = YES;
				SDKROOT = iphoneos;
				SWIFT_COMPILATION_MODE = wholemodule;
				VALIDATE_PRODUCT = YES;
			};
			name = Release;
		};
/* End XCBuildConfiguration section */

/* Begin XCConfigurationList section */
		FAF9ACED2D37FE2100BB784A /* Build configuration list for PBXProject "TravelBuddy" */ = {
			isa = XCConfigurationList;
			buildConfigurations = (
				FAF9AD082D37FE2200BB784A /* Debug */,
				FAF9AD092D37FE2200BB784A /* Release */,
			);
			defaultConfigurationIsVisible = 0;
			defaultConfigurationName = Release;
		};
		FAF9AD052D37FE2200BB784A /* Build configuration list for PBXNativeTarget "TravelBuddy" */ = {
			isa = XCConfigurationList;
			buildConfigurations = (
				FAF9AD062D37FE2200BB784A /* Debug */,
				FAF9AD072D37FE2200BB784A /* Release */,
			);
			defaultConfigurationIsVisible = 0;
			defaultConfigurationName = Release;
		};
/* End XCConfigurationList section */

/* Begin XCRemoteSwiftPackageReference section */
		FA392B552D42828D002BF8C3 /* XCRemoteSwiftPackageReference "firebase-ios-sdk" */ = {
			isa = XCRemoteSwiftPackageReference;
			repositoryURL = "https://github.com/firebase/firebase-ios-sdk";
			requirement = {
				kind = upToNextMajorVersion;
				minimumVersion = 11.7.0;
			};
		};
/* End XCRemoteSwiftPackageReference section */

/* Begin XCSwiftPackageProductDependency section */
		FA392B562D42828D002BF8C3 /* FirebaseAnalytics */ = {
			isa = XCSwiftPackageProductDependency;
			package = FA392B552D42828D002BF8C3 /* XCRemoteSwiftPackageReference "firebase-ios-sdk" */;
			productName = FirebaseAnalytics;
		};
		FA392B582D42828D002BF8C3 /* FirebaseAnalyticsOnDeviceConversion */ = {
			isa = XCSwiftPackageProductDependency;
			package = FA392B552D42828D002BF8C3 /* XCRemoteSwiftPackageReference "firebase-ios-sdk" */;
			productName = FirebaseAnalyticsOnDeviceConversion;
		};
		FA392B5A2D42828D002BF8C3 /* FirebaseAnalyticsWithoutAdIdSupport */ = {
			isa = XCSwiftPackageProductDependency;
			package = FA392B552D42828D002BF8C3 /* XCRemoteSwiftPackageReference "firebase-ios-sdk" */;
			productName = FirebaseAnalyticsWithoutAdIdSupport;
		};
		FA392B5C2D42828D002BF8C3 /* FirebaseAppCheck */ = {
			isa = XCSwiftPackageProductDependency;
			package = FA392B552D42828D002BF8C3 /* XCRemoteSwiftPackageReference "firebase-ios-sdk" */;
			productName = FirebaseAppCheck;
		};
		FA392B5E2D42828D002BF8C3 /* FirebaseAppDistribution-Beta */ = {
			isa = XCSwiftPackageProductDependency;
			package = FA392B552D42828D002BF8C3 /* XCRemoteSwiftPackageReference "firebase-ios-sdk" */;
			productName = "FirebaseAppDistribution-Beta";
		};
		FA392B602D42828D002BF8C3 /* FirebaseAuth */ = {
			isa = XCSwiftPackageProductDependency;
			package = FA392B552D42828D002BF8C3 /* XCRemoteSwiftPackageReference "firebase-ios-sdk" */;
			productName = FirebaseAuth;
		};
		FA392B622D42828D002BF8C3 /* FirebaseAuthCombine-Community */ = {
			isa = XCSwiftPackageProductDependency;
			package = FA392B552D42828D002BF8C3 /* XCRemoteSwiftPackageReference "firebase-ios-sdk" */;
			productName = "FirebaseAuthCombine-Community";
		};
		FA392B642D42828D002BF8C3 /* FirebaseCore */ = {
			isa = XCSwiftPackageProductDependency;
			package = FA392B552D42828D002BF8C3 /* XCRemoteSwiftPackageReference "firebase-ios-sdk" */;
			productName = FirebaseCore;
		};
		FA392B662D42828D002BF8C3 /* FirebaseCrashlytics */ = {
			isa = XCSwiftPackageProductDependency;
			package = FA392B552D42828D002BF8C3 /* XCRemoteSwiftPackageReference "firebase-ios-sdk" */;
			productName = FirebaseCrashlytics;
		};
		FA392B682D42828D002BF8C3 /* FirebaseDatabase */ = {
			isa = XCSwiftPackageProductDependency;
			package = FA392B552D42828D002BF8C3 /* XCRemoteSwiftPackageReference "firebase-ios-sdk" */;
			productName = FirebaseDatabase;
		};
		FA392B6A2D42828D002BF8C3 /* FirebaseDynamicLinks */ = {
			isa = XCSwiftPackageProductDependency;
			package = FA392B552D42828D002BF8C3 /* XCRemoteSwiftPackageReference "firebase-ios-sdk" */;
			productName = FirebaseDynamicLinks;
		};
		FA392B6C2D42828D002BF8C3 /* FirebaseFirestore */ = {
			isa = XCSwiftPackageProductDependency;
			package = FA392B552D42828D002BF8C3 /* XCRemoteSwiftPackageReference "firebase-ios-sdk" */;
			productName = FirebaseFirestore;
		};
		FA392B6E2D42828D002BF8C3 /* FirebaseFirestoreCombine-Community */ = {
			isa = XCSwiftPackageProductDependency;
			package = FA392B552D42828D002BF8C3 /* XCRemoteSwiftPackageReference "firebase-ios-sdk" */;
			productName = "FirebaseFirestoreCombine-Community";
		};
		FA392B702D42828D002BF8C3 /* FirebaseFunctions */ = {
			isa = XCSwiftPackageProductDependency;
			package = FA392B552D42828D002BF8C3 /* XCRemoteSwiftPackageReference "firebase-ios-sdk" */;
			productName = FirebaseFunctions;
		};
		FA392B722D42828D002BF8C3 /* FirebaseFunctionsCombine-Community */ = {
			isa = XCSwiftPackageProductDependency;
			package = FA392B552D42828D002BF8C3 /* XCRemoteSwiftPackageReference "firebase-ios-sdk" */;
			productName = "FirebaseFunctionsCombine-Community";
		};
		FA392B742D42828D002BF8C3 /* FirebaseInAppMessaging-Beta */ = {
			isa = XCSwiftPackageProductDependency;
			package = FA392B552D42828D002BF8C3 /* XCRemoteSwiftPackageReference "firebase-ios-sdk" */;
			productName = "FirebaseInAppMessaging-Beta";
		};
		FA392B762D42828D002BF8C3 /* FirebaseInstallations */ = {
			isa = XCSwiftPackageProductDependency;
			package = FA392B552D42828D002BF8C3 /* XCRemoteSwiftPackageReference "firebase-ios-sdk" */;
			productName = FirebaseInstallations;
		};
		FA392B782D42828D002BF8C3 /* FirebaseMLModelDownloader */ = {
			isa = XCSwiftPackageProductDependency;
			package = FA392B552D42828D002BF8C3 /* XCRemoteSwiftPackageReference "firebase-ios-sdk" */;
			productName = FirebaseMLModelDownloader;
		};
		FA392B7A2D42828D002BF8C3 /* FirebaseMessaging */ = {
			isa = XCSwiftPackageProductDependency;
			package = FA392B552D42828D002BF8C3 /* XCRemoteSwiftPackageReference "firebase-ios-sdk" */;
			productName = FirebaseMessaging;
		};
		FA392B7C2D42828D002BF8C3 /* FirebasePerformance */ = {
			isa = XCSwiftPackageProductDependency;
			package = FA392B552D42828D002BF8C3 /* XCRemoteSwiftPackageReference "firebase-ios-sdk" */;
			productName = FirebasePerformance;
		};
		FA392B7E2D42828D002BF8C3 /* FirebaseRemoteConfig */ = {
			isa = XCSwiftPackageProductDependency;
			package = FA392B552D42828D002BF8C3 /* XCRemoteSwiftPackageReference "firebase-ios-sdk" */;
			productName = FirebaseRemoteConfig;
		};
		FA392B802D42828D002BF8C3 /* FirebaseStorage */ = {
			isa = XCSwiftPackageProductDependency;
			package = FA392B552D42828D002BF8C3 /* XCRemoteSwiftPackageReference "firebase-ios-sdk" */;
			productName = FirebaseStorage;
		};
		FA392B822D42828D002BF8C3 /* FirebaseStorageCombine-Community */ = {
			isa = XCSwiftPackageProductDependency;
			package = FA392B552D42828D002BF8C3 /* XCRemoteSwiftPackageReference "firebase-ios-sdk" */;
			productName = "FirebaseStorageCombine-Community";
		};
		FA392B842D42828D002BF8C3 /* FirebaseVertexAI */ = {
			isa = XCSwiftPackageProductDependency;
			package = FA392B552D42828D002BF8C3 /* XCRemoteSwiftPackageReference "firebase-ios-sdk" */;
			productName = FirebaseVertexAI;
		};
/* End XCSwiftPackageProductDependency section */
	};
	rootObject = FAF9ACEA2D37FE2100BB784A /* Project object */;
}
